
Microsoft Visual Studio Solution File, Format Version 12.00
# Visual Studio Version 17
VisualStudioVersion = 17.6.33829.357
MinimumVisualStudioVersion = 10.0.40219.1
Project("{FAE04EC0-301F-11D3-BF4B-00C04F79EFBC}") = "WOWCAM", "WOWCAM\WOWCAM.csproj", "{A743D61F-FEB4-4F6E-8B2C-BE402CD1E263}"
EndProject
Project("{FAE04EC0-301F-11D3-BF4B-00C04F79EFBC}") = "WOWCAM.Core", "WOWCAM.Core\WOWCAM.Core.csproj", "{3FE48EE8-B78E-4AF3-A1CD-9E51E92BB3A3}"
EndProject
Project("{FAE04EC0-301F-11D3-BF4B-00C04F79EFBC}") = "WOWCAM.WebView", "WOWCAM.WebView\WOWCAM.WebView.csproj", "{A11A4744-0823-41DB-8EBC-799EFD051FDD}"
EndProject
Global
	GlobalSection(SolutionConfigurationPlatforms) = preSolution
		Debug|Any CPU = Debug|Any CPU
		Release|Any CPU = Release|Any CPU
	EndGlobalSection
	GlobalSection(ProjectConfigurationPlatforms) = postSolution
		{A743D61F-FEB4-4F6E-8B2C-BE402CD1E263}.Debug|Any CPU.ActiveCfg = Debug|Any CPU
		{A743D61F-FEB4-4F6E-8B2C-BE402CD1E263}.Debug|Any CPU.Build.0 = Debug|Any CPU
		{A743D61F-FEB4-4F6E-8B2C-BE402CD1E263}.Release|Any CPU.ActiveCfg = Release|Any CPU
		{A743D61F-FEB4-4F6E-8B2C-BE402CD1E263}.Release|Any CPU.Build.0 = Release|Any CPU
		{3FE48EE8-B78E-4AF3-A1CD-9E51E92BB3A3}.Debug|Any CPU.ActiveCfg = Debug|Any CPU
		{3FE48EE8-B78E-4AF3-A1CD-9E51E92BB3A3}.Debug|Any CPU.Build.0 = Debug|Any CPU
		{3FE48EE8-B78E-4AF3-A1CD-9E51E92BB3A3}.Release|Any CPU.ActiveCfg = Release|Any CPU
		{3FE48EE8-B78E-4AF3-A1CD-9E51E92BB3A3}.Release|Any CPU.Build.0 = Release|Any CPU
		{A11A4744-0823-41DB-8EBC-799EFD051FDD}.Debug|Any CPU.ActiveCfg = Debug|Any CPU
		{A11A4744-0823-41DB-8EBC-799EFD051FDD}.Debug|Any CPU.Build.0 = Debug|Any CPU
		{A11A4744-0823-41DB-8EBC-799EFD051FDD}.Release|Any CPU.ActiveCfg = Release|Any CPU
		{A11A4744-0823-41DB-8EBC-799EFD051FDD}.Release|Any CPU.Build.0 = Release|Any CPU
	EndGlobalSection
	GlobalSection(SolutionProperties) = preSolution
		HideSolutionNode = FALSE
	EndGlobalSection
	GlobalSection(ExtensibilityGlobals) = postSolution
		SolutionGuid = {DBD3C487-5895-4E0B-9260-F128532C8B94}
	EndGlobalSection
EndGlobal
