
Microsoft Visual Studio Solution File, Format Version 12.00
# Visual Studio Version 17
VisualStudioVersion = 17.6.33829.357
MinimumVisualStudioVersion = 10.0.40219.1
Project("{9A19103F-16F7-4668-BE54-9A1E7A4F7556}") = "WOWCAM", "WOWCAM\WOWCAM.csproj", "{894B4644-102F-4FC0-A1BF-DE17C6C1A5A8}"
	ProjectSection(ProjectDependencies) = postProject
		{0D1A5C9E-D67A-4F6C-9AEF-EF9FE90E543D} = {0D1A5C9E-D67A-4F6C-9AEF-EF9FE90E543D}
	EndProjectSection
EndProject
Project("{FAE04EC0-301F-11D3-BF4B-00C04F79EFBC}") = "WOWCAM.Core", "WOWCAM.Core\WOWCAM.Core.csproj", "{0D1A5C9E-D67A-4F6C-9AEF-EF9FE90E543D}"
EndProject
Global
	GlobalSection(SolutionConfigurationPlatforms) = preSolution
		Debug|Any CPU = Debug|Any CPU
		Release|Any CPU = Release|Any CPU
	EndGlobalSection
	GlobalSection(ProjectConfigurationPlatforms) = postSolution
		{894B4644-102F-4FC0-A1BF-DE17C6C1A5A8}.Debug|Any CPU.ActiveCfg = Debug|Any CPU
		{894B4644-102F-4FC0-A1BF-DE17C6C1A5A8}.Debug|Any CPU.Build.0 = Debug|Any CPU
		{894B4644-102F-4FC0-A1BF-DE17C6C1A5A8}.Release|Any CPU.ActiveCfg = Release|Any CPU
		{894B4644-102F-4FC0-A1BF-DE17C6C1A5A8}.Release|Any CPU.Build.0 = Release|Any CPU
		{0D1A5C9E-D67A-4F6C-9AEF-EF9FE90E543D}.Debug|Any CPU.ActiveCfg = Debug|Any CPU
		{0D1A5C9E-D67A-4F6C-9AEF-EF9FE90E543D}.Debug|Any CPU.Build.0 = Debug|Any CPU
		{0D1A5C9E-D67A-4F6C-9AEF-EF9FE90E543D}.Release|Any CPU.ActiveCfg = Release|Any CPU
		{0D1A5C9E-D67A-4F6C-9AEF-EF9FE90E543D}.Release|Any CPU.Build.0 = Release|Any CPU
	EndGlobalSection
	GlobalSection(SolutionProperties) = preSolution
		HideSolutionNode = FALSE
	EndGlobalSection
	GlobalSection(ExtensibilityGlobals) = postSolution
		SolutionGuid = {41559353-4B2C-4D9C-A8F5-B8B7ECA8A27B}
	EndGlobalSection
EndGlobal
