
Microsoft Visual Studio Solution File, Format Version 12.00
# Visual Studio Version 17
VisualStudioVersion = 17.6.33829.357
MinimumVisualStudioVersion = 10.0.40219.1
Project("{FAE04EC0-301F-11D3-BF4B-00C04F79EFBC}") = "WOWCAM", "WOWCAM\WOWCAM.csproj", "{9AAECCCF-45D9-4275-8679-4395FD6A7792}"
	ProjectSection(ProjectDependencies) = postProject
		{4E22C8E6-5435-4F86-9CD9-987DE66422F9} = {4E22C8E6-5435-4F86-9CD9-987DE66422F9}
	EndProjectSection
EndProject
Project("{FAE04EC0-301F-11D3-BF4B-00C04F79EFBC}") = "WOWCAM.Core", "WOWCAM.Core\WOWCAM.Core.csproj", "{4E22C8E6-5435-4F86-9CD9-987DE66422F9}"
EndProject
Global
	GlobalSection(SolutionConfigurationPlatforms) = preSolution
		Debug|Any CPU = Debug|Any CPU
		Release|Any CPU = Release|Any CPU
	EndGlobalSection
	GlobalSection(ProjectConfigurationPlatforms) = postSolution
		{9AAECCCF-45D9-4275-8679-4395FD6A7792}.Debug|Any CPU.ActiveCfg = Debug|Any CPU
		{9AAECCCF-45D9-4275-8679-4395FD6A7792}.Debug|Any CPU.Build.0 = Debug|Any CPU
		{9AAECCCF-45D9-4275-8679-4395FD6A7792}.Release|Any CPU.ActiveCfg = Release|Any CPU
		{9AAECCCF-45D9-4275-8679-4395FD6A7792}.Release|Any CPU.Build.0 = Release|Any CPU
		{4E22C8E6-5435-4F86-9CD9-987DE66422F9}.Debug|Any CPU.ActiveCfg = Debug|Any CPU
		{4E22C8E6-5435-4F86-9CD9-987DE66422F9}.Debug|Any CPU.Build.0 = Debug|Any CPU
		{4E22C8E6-5435-4F86-9CD9-987DE66422F9}.Release|Any CPU.ActiveCfg = Release|Any CPU
		{4E22C8E6-5435-4F86-9CD9-987DE66422F9}.Release|Any CPU.Build.0 = Release|Any CPU
	EndGlobalSection
	GlobalSection(SolutionProperties) = preSolution
		HideSolutionNode = FALSE
	EndGlobalSection
	GlobalSection(ExtensibilityGlobals) = postSolution
		SolutionGuid = {888B727C-7F19-4AEB-A846-DD308DD6338A}
	EndGlobalSection
EndGlobal
