
Microsoft Visual Studio Solution File, Format Version 12.00
# Visual Studio Version 17
VisualStudioVersion = 17.9.34723.18
MinimumVisualStudioVersion = 10.0.40219.1
Project("{9A19103F-16F7-4668-BE54-9A1E7A4F7556}") = "WOWCAM", "WOWCAM\WOWCAM.csproj", "{325596FC-EBBA-467B-8618-6318745A7A73}"
EndProject
Project("{9A19103F-16F7-4668-BE54-9A1E7A4F7556}") = "WOWCAM.Core", "WOWCAM.Core\WOWCAM.Core.csproj", "{FC9FB13F-3DED-4537-8F4D-CD2AFEA3984F}"
EndProject
Project("{9A19103F-16F7-4668-BE54-9A1E7A4F7556}") = "WOWCAM.Helpers", "WOWCAM.Helpers\WOWCAM.Helpers.csproj", "{C874C4A3-6B8E-4214-9720-3EF1C1F1E3DF}"
EndProject
Global
	GlobalSection(SolutionConfigurationPlatforms) = preSolution
		Debug|Any CPU = Debug|Any CPU
		Release|Any CPU = Release|Any CPU
	EndGlobalSection
	GlobalSection(ProjectConfigurationPlatforms) = postSolution
		{325596FC-EBBA-467B-8618-6318745A7A73}.Debug|Any CPU.ActiveCfg = Debug|Any CPU
		{325596FC-EBBA-467B-8618-6318745A7A73}.Debug|Any CPU.Build.0 = Debug|Any CPU
		{325596FC-EBBA-467B-8618-6318745A7A73}.Release|Any CPU.ActiveCfg = Release|Any CPU
		{325596FC-EBBA-467B-8618-6318745A7A73}.Release|Any CPU.Build.0 = Release|Any CPU
		{FC9FB13F-3DED-4537-8F4D-CD2AFEA3984F}.Debug|Any CPU.ActiveCfg = Debug|Any CPU
		{FC9FB13F-3DED-4537-8F4D-CD2AFEA3984F}.Debug|Any CPU.Build.0 = Debug|Any CPU
		{FC9FB13F-3DED-4537-8F4D-CD2AFEA3984F}.Release|Any CPU.ActiveCfg = Release|Any CPU
		{FC9FB13F-3DED-4537-8F4D-CD2AFEA3984F}.Release|Any CPU.Build.0 = Release|Any CPU
		{C874C4A3-6B8E-4214-9720-3EF1C1F1E3DF}.Debug|Any CPU.ActiveCfg = Debug|Any CPU
		{C874C4A3-6B8E-4214-9720-3EF1C1F1E3DF}.Debug|Any CPU.Build.0 = Debug|Any CPU
		{C874C4A3-6B8E-4214-9720-3EF1C1F1E3DF}.Release|Any CPU.ActiveCfg = Release|Any CPU
		{C874C4A3-6B8E-4214-9720-3EF1C1F1E3DF}.Release|Any CPU.Build.0 = Release|Any CPU
	EndGlobalSection
	GlobalSection(SolutionProperties) = preSolution
		HideSolutionNode = FALSE
	EndGlobalSection
	GlobalSection(ExtensibilityGlobals) = postSolution
		SolutionGuid = {85660382-66A0-421A-87C3-BA07DD8F6FE7}
	EndGlobalSection
EndGlobal
